// !$*UTF8*$!
{
	archiveVersion = 1;
	classes = {
	};
	objectVersion = 48;
	objects = {

/* Begin PBXBuildFile section */
		3251EB89202508BE00B3CEB0 /* AppDelegate.swift in Sources */ = {isa = PBXBuildFile; fileRef = 3251EB88202508BE00B3CEB0 /* AppDelegate.swift */; };
		3251EB8B202508BE00B3CEB0 /* ViewController.swift in Sources */ = {isa = PBXBuildFile; fileRef = 3251EB8A202508BE00B3CEB0 /* ViewController.swift */; };
		3251EB8E202508BE00B3CEB0 /* Main.storyboard in Resources */ = {isa = PBXBuildFile; fileRef = 3251EB8C202508BE00B3CEB0 /* Main.storyboard */; };
		3251EB90202508BE00B3CEB0 /* Assets.xcassets in Resources */ = {isa = PBXBuildFile; fileRef = 3251EB8F202508BE00B3CEB0 /* Assets.xcassets */; };
		3251EB93202508BE00B3CEB0 /* LaunchScreen.storyboard in Resources */ = {isa = PBXBuildFile; fileRef = 3251EB91202508BE00B3CEB0 /* LaunchScreen.storyboard */; };
		3251EB9E202508BF00B3CEB0 /* ReSwift_ExampleTests.swift in Sources */ = {isa = PBXBuildFile; fileRef = 3251EB9D202508BF00B3CEB0 /* ReSwift_ExampleTests.swift */; };
		3251EBA9202508BF00B3CEB0 /* ReSwift_ExampleUITests.swift in Sources */ = {isa = PBXBuildFile; fileRef = 3251EBA8202508BF00B3CEB0 /* ReSwift_ExampleUITests.swift */; };
		3251EBB920250BAA00B3CEB0 /* ReSwiftRouter.framework in Frameworks */ = {isa = PBXBuildFile; fileRef = 3251EBB720250BAA00B3CEB0 /* ReSwiftRouter.framework */; settings = {ATTRIBUTES = (Weak, ); }; };
		3251EBBA20250BAA00B3CEB0 /* ReSwift.framework in Frameworks */ = {isa = PBXBuildFile; fileRef = 3251EBB820250BAA00B3CEB0 /* ReSwift.framework */; settings = {ATTRIBUTES = (Weak, ); }; };
		32E5013A202513D700EF1593 /* State.swift in Sources */ = {isa = PBXBuildFile; fileRef = 32E50139202513D700EF1593 /* State.swift */; };
		32E5013D202513EC00EF1593 /* AuthenticationState.swift in Sources */ = {isa = PBXBuildFile; fileRef = 32E5013C202513EC00EF1593 /* AuthenticationState.swift */; };
		9ECDA7F0202A137900885E3C /* AppReducer.swift in Sources */ = {isa = PBXBuildFile; fileRef = 9ECDA7EF202A137900885E3C /* AppReducer.swift */; };
		9ECDA7F3202A147F00885E3C /* AuthenticationReducer.swift in Sources */ = {isa = PBXBuildFile; fileRef = 9ECDA7F2202A147F00885E3C /* AuthenticationReducer.swift */; };
		9ECDA7F5202A171500885E3C /* Credentials.swift in Sources */ = {isa = PBXBuildFile; fileRef = 9ECDA7F4202A171500885E3C /* Credentials.swift */; };
		9ECDA7F8202A183E00885E3C /* AuthenticationService.swift in Sources */ = {isa = PBXBuildFile; fileRef = 9ECDA7F7202A183E00885E3C /* AuthenticationService.swift */; };
/* End PBXBuildFile section */

/* Begin PBXContainerItemProxy section */
		3251EB9A202508BF00B3CEB0 /* PBXContainerItemProxy */ = {
			isa = PBXContainerItemProxy;
			containerPortal = 3251EB7D202508BE00B3CEB0 /* Project object */;
			proxyType = 1;
			remoteGlobalIDString = 3251EB84202508BE00B3CEB0;
			remoteInfo = ReSwift_Example;
		};
		3251EBA5202508BF00B3CEB0 /* PBXContainerItemProxy */ = {
			isa = PBXContainerItemProxy;
			containerPortal = 3251EB7D202508BE00B3CEB0 /* Project object */;
			proxyType = 1;
			remoteGlobalIDString = 3251EB84202508BE00B3CEB0;
			remoteInfo = ReSwift_Example;
		};
/* End PBXContainerItemProxy section */

/* Begin PBXFileReference section */
		3251EB85202508BE00B3CEB0 /* ReSwift_Example.app */ = {isa = PBXFileReference; explicitFileType = wrapper.application; includeInIndex = 0; path = ReSwift_Example.app; sourceTree = BUILT_PRODUCTS_DIR; };
		3251EB88202508BE00B3CEB0 /* AppDelegate.swift */ = {isa = PBXFileReference; lastKnownFileType = sourcecode.swift; path = AppDelegate.swift; sourceTree = "<group>"; };
		3251EB8A202508BE00B3CEB0 /* ViewController.swift */ = {isa = PBXFileReference; lastKnownFileType = sourcecode.swift; path = ViewController.swift; sourceTree = "<group>"; };
		3251EB8D202508BE00B3CEB0 /* Base */ = {isa = PBXFileReference; lastKnownFileType = file.storyboard; name = Base; path = Base.lproj/Main.storyboard; sourceTree = "<group>"; };
		3251EB8F202508BE00B3CEB0 /* Assets.xcassets */ = {isa = PBXFileReference; lastKnownFileType = folder.assetcatalog; path = Assets.xcassets; sourceTree = "<group>"; };
		3251EB92202508BE00B3CEB0 /* Base */ = {isa = PBXFileReference; lastKnownFileType = file.storyboard; name = Base; path = Base.lproj/LaunchScreen.storyboard; sourceTree = "<group>"; };
		3251EB94202508BE00B3CEB0 /* Info.plist */ = {isa = PBXFileReference; lastKnownFileType = text.plist.xml; path = Info.plist; sourceTree = "<group>"; };
		3251EB99202508BF00B3CEB0 /* ReSwift_ExampleTests.xctest */ = {isa = PBXFileReference; explicitFileType = wrapper.cfbundle; includeInIndex = 0; path = ReSwift_ExampleTests.xctest; sourceTree = BUILT_PRODUCTS_DIR; };
		3251EB9D202508BF00B3CEB0 /* ReSwift_ExampleTests.swift */ = {isa = PBXFileReference; lastKnownFileType = sourcecode.swift; path = ReSwift_ExampleTests.swift; sourceTree = "<group>"; };
		3251EB9F202508BF00B3CEB0 /* Info.plist */ = {isa = PBXFileReference; lastKnownFileType = text.plist.xml; path = Info.plist; sourceTree = "<group>"; };
		3251EBA4202508BF00B3CEB0 /* ReSwift_ExampleUITests.xctest */ = {isa = PBXFileReference; explicitFileType = wrapper.cfbundle; includeInIndex = 0; path = ReSwift_ExampleUITests.xctest; sourceTree = BUILT_PRODUCTS_DIR; };
		3251EBA8202508BF00B3CEB0 /* ReSwift_ExampleUITests.swift */ = {isa = PBXFileReference; lastKnownFileType = sourcecode.swift; path = ReSwift_ExampleUITests.swift; sourceTree = "<group>"; };
		3251EBAA202508BF00B3CEB0 /* Info.plist */ = {isa = PBXFileReference; lastKnownFileType = text.plist.xml; path = Info.plist; sourceTree = "<group>"; };
		3251EBB720250BAA00B3CEB0 /* ReSwiftRouter.framework */ = {isa = PBXFileReference; lastKnownFileType = wrapper.framework; name = ReSwiftRouter.framework; path = Carthage/Build/iOS/ReSwiftRouter.framework; sourceTree = "<group>"; };
		3251EBB820250BAA00B3CEB0 /* ReSwift.framework */ = {isa = PBXFileReference; lastKnownFileType = wrapper.framework; name = ReSwift.framework; path = Carthage/Build/iOS/ReSwift.framework; sourceTree = "<group>"; };
		32E50139202513D700EF1593 /* State.swift */ = {isa = PBXFileReference; lastKnownFileType = sourcecode.swift; path = State.swift; sourceTree = "<group>"; };
		32E5013C202513EC00EF1593 /* AuthenticationState.swift */ = {isa = PBXFileReference; lastKnownFileType = sourcecode.swift; path = AuthenticationState.swift; sourceTree = "<group>"; };
		9ECDA7EF202A137900885E3C /* AppReducer.swift */ = {isa = PBXFileReference; lastKnownFileType = sourcecode.swift; path = AppReducer.swift; sourceTree = "<group>"; };
		9ECDA7F2202A147F00885E3C /* AuthenticationReducer.swift */ = {isa = PBXFileReference; lastKnownFileType = sourcecode.swift; name = AuthenticationReducer.swift; path = ReSwift_Example/Reducers/AuthenticationReducer.swift; sourceTree = SOURCE_ROOT; };
		9ECDA7F4202A171500885E3C /* Credentials.swift */ = {isa = PBXFileReference; lastKnownFileType = sourcecode.swift; path = Credentials.swift; sourceTree = "<group>"; };
		9ECDA7F7202A183E00885E3C /* AuthenticationService.swift */ = {isa = PBXFileReference; lastKnownFileType = sourcecode.swift; path = AuthenticationService.swift; sourceTree = "<group>"; };
/* End PBXFileReference section */

/* Begin PBXFrameworksBuildPhase section */
		3251EB82202508BE00B3CEB0 /* Frameworks */ = {
			isa = PBXFrameworksBuildPhase;
			buildActionMask = 2147483647;
			files = (
				3251EBB920250BAA00B3CEB0 /* ReSwiftRouter.framework in Frameworks */,
				3251EBBA20250BAA00B3CEB0 /* ReSwift.framework in Frameworks */,
			);
			runOnlyForDeploymentPostprocessing = 0;
		};
		3251EB96202508BF00B3CEB0 /* Frameworks */ = {
			isa = PBXFrameworksBuildPhase;
			buildActionMask = 2147483647;
			files = (
			);
			runOnlyForDeploymentPostprocessing = 0;
		};
		3251EBA1202508BF00B3CEB0 /* Frameworks */ = {
			isa = PBXFrameworksBuildPhase;
			buildActionMask = 2147483647;
			files = (
			);
			runOnlyForDeploymentPostprocessing = 0;
		};
/* End PBXFrameworksBuildPhase section */

/* Begin PBXGroup section */
		3251EB7C202508BE00B3CEB0 = {
			isa = PBXGroup;
			children = (
				3251EB87202508BE00B3CEB0 /* ReSwift_Example */,
				3251EB9C202508BF00B3CEB0 /* ReSwift_ExampleTests */,
				3251EBA7202508BF00B3CEB0 /* ReSwift_ExampleUITests */,
				3251EB86202508BE00B3CEB0 /* Products */,
				3251EBB620250BAA00B3CEB0 /* Frameworks */,
			);
			sourceTree = "<group>";
		};
		3251EB86202508BE00B3CEB0 /* Products */ = {
			isa = PBXGroup;
			children = (
				3251EB85202508BE00B3CEB0 /* ReSwift_Example.app */,
				3251EB99202508BF00B3CEB0 /* ReSwift_ExampleTests.xctest */,
				3251EBA4202508BF00B3CEB0 /* ReSwift_ExampleUITests.xctest */,
			);
			name = Products;
			sourceTree = "<group>";
		};
		3251EB87202508BE00B3CEB0 /* ReSwift_Example */ = {
			isa = PBXGroup;
			children = (
				3251EB88202508BE00B3CEB0 /* AppDelegate.swift */,
				9ECDA7F7202A183E00885E3C /* AuthenticationService.swift */,
				9ECDA7F6202A174100885E3C /* GitHubAuth */,
				32E5013B202513DB00EF1593 /* State */,
				3251EB8A202508BE00B3CEB0 /* ViewController.swift */,
				9ECDA7F1202A146100885E3C /* Reducers */,
				3251EB8C202508BE00B3CEB0 /* Main.storyboard */,
				3251EB8F202508BE00B3CEB0 /* Assets.xcassets */,
				3251EB91202508BE00B3CEB0 /* LaunchScreen.storyboard */,
				3251EB94202508BE00B3CEB0 /* Info.plist */,
			);
			path = ReSwift_Example;
			sourceTree = "<group>";
		};
		3251EB9C202508BF00B3CEB0 /* ReSwift_ExampleTests */ = {
			isa = PBXGroup;
			children = (
				3251EB9D202508BF00B3CEB0 /* ReSwift_ExampleTests.swift */,
				3251EB9F202508BF00B3CEB0 /* Info.plist */,
			);
			path = ReSwift_ExampleTests;
			sourceTree = "<group>";
		};
		3251EBA7202508BF00B3CEB0 /* ReSwift_ExampleUITests */ = {
			isa = PBXGroup;
			children = (
				3251EBA8202508BF00B3CEB0 /* ReSwift_ExampleUITests.swift */,
				3251EBAA202508BF00B3CEB0 /* Info.plist */,
			);
			path = ReSwift_ExampleUITests;
			sourceTree = "<group>";
		};
		3251EBB620250BAA00B3CEB0 /* Frameworks */ = {
			isa = PBXGroup;
			children = (
				3251EBB820250BAA00B3CEB0 /* ReSwift.framework */,
				3251EBB720250BAA00B3CEB0 /* ReSwiftRouter.framework */,
			);
			name = Frameworks;
			sourceTree = "<group>";
		};
		32E5013B202513DB00EF1593 /* State */ = {
			isa = PBXGroup;
			children = (
				32E50139202513D700EF1593 /* State.swift */,
				32E5013C202513EC00EF1593 /* AuthenticationState.swift */,
			);
			path = State;
			sourceTree = "<group>";
		};
		9ECDA7F1202A146100885E3C /* Reducers */ = {
			isa = PBXGroup;
			children = (
				9ECDA7EF202A137900885E3C /* AppReducer.swift */,
				9ECDA7F2202A147F00885E3C /* AuthenticationReducer.swift */,
			);
			name = Reducers;
			path = "New Group";
			sourceTree = "<group>";
		};
		9ECDA7F6202A174100885E3C /* GitHubAuth */ = {
			isa = PBXGroup;
			children = (
				9ECDA7F4202A171500885E3C /* Credentials.swift */,
			);
			path = GitHubAuth;
			sourceTree = "<group>";
		};
/* End PBXGroup section */

/* Begin PBXNativeTarget section */
		3251EB84202508BE00B3CEB0 /* ReSwift_Example */ = {
			isa = PBXNativeTarget;
			buildConfigurationList = 3251EBAD202508BF00B3CEB0 /* Build configuration list for PBXNativeTarget "ReSwift_Example" */;
			buildPhases = (
				3251EB81202508BE00B3CEB0 /* Sources */,
				3251EB82202508BE00B3CEB0 /* Frameworks */,
				3251EB83202508BE00B3CEB0 /* Resources */,
				3251EBBB20250C2A00B3CEB0 /* ShellScript */,
			);
			buildRules = (
			);
			dependencies = (
			);
			name = ReSwift_Example;
			productName = ReSwift_Example;
			productReference = 3251EB85202508BE00B3CEB0 /* ReSwift_Example.app */;
			productType = "com.apple.product-type.application";
		};
		3251EB98202508BF00B3CEB0 /* ReSwift_ExampleTests */ = {
			isa = PBXNativeTarget;
			buildConfigurationList = 3251EBB0202508BF00B3CEB0 /* Build configuration list for PBXNativeTarget "ReSwift_ExampleTests" */;
			buildPhases = (
				3251EB95202508BF00B3CEB0 /* Sources */,
				3251EB96202508BF00B3CEB0 /* Frameworks */,
				3251EB97202508BF00B3CEB0 /* Resources */,
			);
			buildRules = (
			);
			dependencies = (
				3251EB9B202508BF00B3CEB0 /* PBXTargetDependency */,
			);
			name = ReSwift_ExampleTests;
			productName = ReSwift_ExampleTests;
			productReference = 3251EB99202508BF00B3CEB0 /* ReSwift_ExampleTests.xctest */;
			productType = "com.apple.product-type.bundle.unit-test";
		};
		3251EBA3202508BF00B3CEB0 /* ReSwift_ExampleUITests */ = {
			isa = PBXNativeTarget;
			buildConfigurationList = 3251EBB3202508BF00B3CEB0 /* Build configuration list for PBXNativeTarget "ReSwift_ExampleUITests" */;
			buildPhases = (
				3251EBA0202508BF00B3CEB0 /* Sources */,
				3251EBA1202508BF00B3CEB0 /* Frameworks */,
				3251EBA2202508BF00B3CEB0 /* Resources */,
			);
			buildRules = (
			);
			dependencies = (
				3251EBA6202508BF00B3CEB0 /* PBXTargetDependency */,
			);
			name = ReSwift_ExampleUITests;
			productName = ReSwift_ExampleUITests;
			productReference = 3251EBA4202508BF00B3CEB0 /* ReSwift_ExampleUITests.xctest */;
			productType = "com.apple.product-type.bundle.ui-testing";
		};
/* End PBXNativeTarget section */

/* Begin PBXProject section */
		3251EB7D202508BE00B3CEB0 /* Project object */ = {
			isa = PBXProject;
			attributes = {
				LastSwiftUpdateCheck = 0920;
				LastUpgradeCheck = 0920;
				ORGANIZATIONNAME = nbibikov;
				TargetAttributes = {
					3251EB84202508BE00B3CEB0 = {
						CreatedOnToolsVersion = 9.2;
						ProvisioningStyle = Automatic;
					};
					3251EB98202508BF00B3CEB0 = {
						CreatedOnToolsVersion = 9.2;
						ProvisioningStyle = Automatic;
						TestTargetID = 3251EB84202508BE00B3CEB0;
					};
					3251EBA3202508BF00B3CEB0 = {
						CreatedOnToolsVersion = 9.2;
						ProvisioningStyle = Automatic;
						TestTargetID = 3251EB84202508BE00B3CEB0;
					};
				};
			};
			buildConfigurationList = 3251EB80202508BE00B3CEB0 /* Build configuration list for PBXProject "ReSwift_Example" */;
			compatibilityVersion = "Xcode 8.0";
			developmentRegion = en;
			hasScannedForEncodings = 0;
			knownRegions = (
				en,
				Base,
			);
			mainGroup = 3251EB7C202508BE00B3CEB0;
			productRefGroup = 3251EB86202508BE00B3CEB0 /* Products */;
			projectDirPath = "";
			projectRoot = "";
			targets = (
				3251EB84202508BE00B3CEB0 /* ReSwift_Example */,
				3251EB98202508BF00B3CEB0 /* ReSwift_ExampleTests */,
				3251EBA3202508BF00B3CEB0 /* ReSwift_ExampleUITests */,
			);
		};
/* End PBXProject section */

/* Begin PBXResourcesBuildPhase section */
		3251EB83202508BE00B3CEB0 /* Resources */ = {
			isa = PBXResourcesBuildPhase;
			buildActionMask = 2147483647;
			files = (
				3251EB93202508BE00B3CEB0 /* LaunchScreen.storyboard in Resources */,
				3251EB90202508BE00B3CEB0 /* Assets.xcassets in Resources */,
				3251EB8E202508BE00B3CEB0 /* Main.storyboard in Resources */,
			);
			runOnlyForDeploymentPostprocessing = 0;
		};
		3251EB97202508BF00B3CEB0 /* Resources */ = {
			isa = PBXResourcesBuildPhase;
			buildActionMask = 2147483647;
			files = (
			);
			runOnlyForDeploymentPostprocessing = 0;
		};
		3251EBA2202508BF00B3CEB0 /* Resources */ = {
			isa = PBXResourcesBuildPhase;
			buildActionMask = 2147483647;
			files = (
			);
			runOnlyForDeploymentPostprocessing = 0;
		};
/* End PBXResourcesBuildPhase section */

/* Begin PBXShellScriptBuildPhase section */
		3251EBBB20250C2A00B3CEB0 /* ShellScript */ = {
			isa = PBXShellScriptBuildPhase;
			buildActionMask = 2147483647;
			files = (
			);
			inputPaths = (
				"$(SRCROOT)/Carthage/Build/iOS/ReSwift.framework",
				"$(SRCROOT)/Carthage/Build/iOS/ReSwiftRouter.framework",
			);
			outputPaths = (
			);
			runOnlyForDeploymentPostprocessing = 0;
			shellPath = /bin/sh;
			shellScript = "";
		};
/* End PBXShellScriptBuildPhase section */

/* Begin PBXSourcesBuildPhase section */
		3251EB81202508BE00B3CEB0 /* Sources */ = {
			isa = PBXSourcesBuildPhase;
			buildActionMask = 2147483647;
			files = (
				9ECDA7F0202A137900885E3C /* AppReducer.swift in Sources */,
				3251EB8B202508BE00B3CEB0 /* ViewController.swift in Sources */,
				32E5013D202513EC00EF1593 /* AuthenticationState.swift in Sources */,
				9ECDA7F5202A171500885E3C /* Credentials.swift in Sources */,
				3251EB89202508BE00B3CEB0 /* AppDelegate.swift in Sources */,
				9ECDA7F3202A147F00885E3C /* AuthenticationReducer.swift in Sources */,
				32E5013A202513D700EF1593 /* State.swift in Sources */,
				9ECDA7F8202A183E00885E3C /* AuthenticationService.swift in Sources */,
			);
			runOnlyForDeploymentPostprocessing = 0;
		};
		3251EB95202508BF00B3CEB0 /* Sources */ = {
			isa = PBXSourcesBuildPhase;
			buildActionMask = 2147483647;
			files = (
				3251EB9E202508BF00B3CEB0 /* ReSwift_ExampleTests.swift in Sources */,
			);
			runOnlyForDeploymentPostprocessing = 0;
		};
		3251EBA0202508BF00B3CEB0 /* Sources */ = {
			isa = PBXSourcesBuildPhase;
			buildActionMask = 2147483647;
			files = (
				3251EBA9202508BF00B3CEB0 /* ReSwift_ExampleUITests.swift in Sources */,
			);
			runOnlyForDeploymentPostprocessing = 0;
		};
/* End PBXSourcesBuildPhase section */

/* Begin PBXTargetDependency section */
		3251EB9B202508BF00B3CEB0 /* PBXTargetDependency */ = {
			isa = PBXTargetDependency;
			target = 3251EB84202508BE00B3CEB0 /* ReSwift_Example */;
			targetProxy = 3251EB9A202508BF00B3CEB0 /* PBXContainerItemProxy */;
		};
		3251EBA6202508BF00B3CEB0 /* PBXTargetDependency */ = {
			isa = PBXTargetDependency;
			target = 3251EB84202508BE00B3CEB0 /* ReSwift_Example */;
			targetProxy = 3251EBA5202508BF00B3CEB0 /* PBXContainerItemProxy */;
		};
/* End PBXTargetDependency section */

/* Begin PBXVariantGroup section */
		3251EB8C202508BE00B3CEB0 /* Main.storyboard */ = {
			isa = PBXVariantGroup;
			children = (
				3251EB8D202508BE00B3CEB0 /* Base */,
			);
			name = Main.storyboard;
			sourceTree = "<group>";
		};
		3251EB91202508BE00B3CEB0 /* LaunchScreen.storyboard */ = {
			isa = PBXVariantGroup;
			children = (
				3251EB92202508BE00B3CEB0 /* Base */,
			);
			name = LaunchScreen.storyboard;
			sourceTree = "<group>";
		};
/* End PBXVariantGroup section */

/* Begin XCBuildConfiguration section */
		3251EBAB202508BF00B3CEB0 /* Debug */ = {
			isa = XCBuildConfiguration;
			buildSettings = {
				ALWAYS_SEARCH_USER_PATHS = NO;
				CLANG_ANALYZER_NONNULL = YES;
				CLANG_ANALYZER_NUMBER_OBJECT_CONVERSION = YES_AGGRESSIVE;
				CLANG_CXX_LANGUAGE_STANDARD = "gnu++14";
				CLANG_CXX_LIBRARY = "libc++";
				CLANG_ENABLE_MODULES = YES;
				CLANG_ENABLE_OBJC_ARC = YES;
				CLANG_WARN_BLOCK_CAPTURE_AUTORELEASING = YES;
				CLANG_WARN_BOOL_CONVERSION = YES;
				CLANG_WARN_COMMA = YES;
				CLANG_WARN_CONSTANT_CONVERSION = YES;
				CLANG_WARN_DIRECT_OBJC_ISA_USAGE = YES_ERROR;
				CLANG_WARN_DOCUMENTATION_COMMENTS = YES;
				CLANG_WARN_EMPTY_BODY = YES;
				CLANG_WARN_ENUM_CONVERSION = YES;
				CLANG_WARN_INFINITE_RECURSION = YES;
				CLANG_WARN_INT_CONVERSION = YES;
				CLANG_WARN_NON_LITERAL_NULL_CONVERSION = YES;
				CLANG_WARN_OBJC_LITERAL_CONVERSION = YES;
				CLANG_WARN_OBJC_ROOT_CLASS = YES_ERROR;
				CLANG_WARN_RANGE_LOOP_ANALYSIS = YES;
				CLANG_WARN_STRICT_PROTOTYPES = YES;
				CLANG_WARN_SUSPICIOUS_MOVE = YES;
				CLANG_WARN_UNGUARDED_AVAILABILITY = YES_AGGRESSIVE;
				CLANG_WARN_UNREACHABLE_CODE = YES;
				CLANG_WARN__DUPLICATE_METHOD_MATCH = YES;
				CODE_SIGN_IDENTITY = "iPhone Developer";
				COPY_PHASE_STRIP = NO;
				DEBUG_INFORMATION_FORMAT = dwarf;
				ENABLE_STRICT_OBJC_MSGSEND = YES;
				ENABLE_TESTABILITY = YES;
				GCC_C_LANGUAGE_STANDARD = gnu11;
				GCC_DYNAMIC_NO_PIC = NO;
				GCC_NO_COMMON_BLOCKS = YES;
				GCC_OPTIMIZATION_LEVEL = 0;
				GCC_PREPROCESSOR_DEFINITIONS = (
					"DEBUG=1",
					"$(inherited)",
				);
				GCC_WARN_64_TO_32_BIT_CONVERSION = YES;
				GCC_WARN_ABOUT_RETURN_TYPE = YES_ERROR;
				GCC_WARN_UNDECLARED_SELECTOR = YES;
				GCC_WARN_UNINITIALIZED_AUTOS = YES_AGGRESSIVE;
				GCC_WARN_UNUSED_FUNCTION = YES;
				GCC_WARN_UNUSED_VARIABLE = YES;
				IPHONEOS_DEPLOYMENT_TARGET = 11.2;
				MTL_ENABLE_DEBUG_INFO = YES;
				ONLY_ACTIVE_ARCH = YES;
				SDKROOT = iphoneos;
				SWIFT_ACTIVE_COMPILATION_CONDITIONS = DEBUG;
				SWIFT_OPTIMIZATION_LEVEL = "-Onone";
			};
			name = Debug;
		};
		3251EBAC202508BF00B3CEB0 /* Release */ = {
			isa = XCBuildConfiguration;
			buildSettings = {
				ALWAYS_SEARCH_USER_PATHS = NO;
				CLANG_ANALYZER_NONNULL = YES;
				CLANG_ANALYZER_NUMBER_OBJECT_CONVERSION = YES_AGGRESSIVE;
				CLANG_CXX_LANGUAGE_STANDARD = "gnu++14";
				CLANG_CXX_LIBRARY = "libc++";
				CLANG_ENABLE_MODULES = YES;
				CLANG_ENABLE_OBJC_ARC = YES;
				CLANG_WARN_BLOCK_CAPTURE_AUTORELEASING = YES;
				CLANG_WARN_BOOL_CONVERSION = YES;
				CLANG_WARN_COMMA = YES;
				CLANG_WARN_CONSTANT_CONVERSION = YES;
				CLANG_WARN_DIRECT_OBJC_ISA_USAGE = YES_ERROR;
				CLANG_WARN_DOCUMENTATION_COMMENTS = YES;
				CLANG_WARN_EMPTY_BODY = YES;
				CLANG_WARN_ENUM_CONVERSION = YES;
				CLANG_WARN_INFINITE_RECURSION = YES;
				CLANG_WARN_INT_CONVERSION = YES;
				CLANG_WARN_NON_LITERAL_NULL_CONVERSION = YES;
				CLANG_WARN_OBJC_LITERAL_CONVERSION = YES;
				CLANG_WARN_OBJC_ROOT_CLASS = YES_ERROR;
				CLANG_WARN_RANGE_LOOP_ANALYSIS = YES;
				CLANG_WARN_STRICT_PROTOTYPES = YES;
				CLANG_WARN_SUSPICIOUS_MOVE = YES;
				CLANG_WARN_UNGUARDED_AVAILABILITY = YES_AGGRESSIVE;
				CLANG_WARN_UNREACHABLE_CODE = YES;
				CLANG_WARN__DUPLICATE_METHOD_MATCH = YES;
				CODE_SIGN_IDENTITY = "iPhone Developer";
				COPY_PHASE_STRIP = NO;
				DEBUG_INFORMATION_FORMAT = "dwarf-with-dsym";
				ENABLE_NS_ASSERTIONS = NO;
				ENABLE_STRICT_OBJC_MSGSEND = YES;
				GCC_C_LANGUAGE_STANDARD = gnu11;
				GCC_NO_COMMON_BLOCKS = YES;
				GCC_WARN_64_TO_32_BIT_CONVERSION = YES;
				GCC_WARN_ABOUT_RETURN_TYPE = YES_ERROR;
				GCC_WARN_UNDECLARED_SELECTOR = YES;
				GCC_WARN_UNINITIALIZED_AUTOS = YES_AGGRESSIVE;
				GCC_WARN_UNUSED_FUNCTION = YES;
				GCC_WARN_UNUSED_VARIABLE = YES;
				IPHONEOS_DEPLOYMENT_TARGET = 11.2;
				MTL_ENABLE_DEBUG_INFO = NO;
				SDKROOT = iphoneos;
				SWIFT_OPTIMIZATION_LEVEL = "-Owholemodule";
				VALIDATE_PRODUCT = YES;
			};
			name = Release;
		};
		3251EBAE202508BF00B3CEB0 /* Debug */ = {
			isa = XCBuildConfiguration;
			buildSettings = {
				ASSETCATALOG_COMPILER_APPICON_NAME = AppIcon;
				CODE_SIGN_STYLE = Automatic;
				DEVELOPMENT_TEAM = 7E7M24D56N;
				FRAMEWORK_SEARCH_PATHS = (
					"$(inherited)",
					"$(PROJECT_DIR)/Carthage/Build/iOS",
				);
				INFOPLIST_FILE = ReSwift_Example/Info.plist;
				LD_RUNPATH_SEARCH_PATHS = "$(inherited) @executable_path/Frameworks";
				PRODUCT_BUNDLE_IDENTIFIER = "com.nbibikov.ReSwift-Example";
				PRODUCT_NAME = "$(TARGET_NAME)";
				SWIFT_VERSION = 4.0;
				TARGETED_DEVICE_FAMILY = "1,2";
			};
			name = Debug;
		};
		3251EBAF202508BF00B3CEB0 /* Release */ = {
			isa = XCBuildConfiguration;
			buildSettings = {
				ASSETCATALOG_COMPILER_APPICON_NAME = AppIcon;
				CODE_SIGN_STYLE = Automatic;
				DEVELOPMENT_TEAM = 7E7M24D56N;
				FRAMEWORK_SEARCH_PATHS = (
					"$(inherited)",
					"$(PROJECT_DIR)/Carthage/Build/iOS",
				);
				INFOPLIST_FILE = ReSwift_Example/Info.plist;
				LD_RUNPATH_SEARCH_PATHS = "$(inherited) @executable_path/Frameworks";
				PRODUCT_BUNDLE_IDENTIFIER = "com.nbibikov.ReSwift-Example";
				PRODUCT_NAME = "$(TARGET_NAME)";
				SWIFT_VERSION = 4.0;
				TARGETED_DEVICE_FAMILY = "1,2";
			};
			name = Release;
		};
		3251EBB1202508BF00B3CEB0 /* Debug */ = {
			isa = XCBuildConfiguration;
			buildSettings = {
				ALWAYS_EMBED_SWIFT_STANDARD_LIBRARIES = YES;
				BUNDLE_LOADER = "$(TEST_HOST)";
				CODE_SIGN_STYLE = Automatic;
				DEVELOPMENT_TEAM = 7E7M24D56N;
				INFOPLIST_FILE = ReSwift_ExampleTests/Info.plist;
				LD_RUNPATH_SEARCH_PATHS = "$(inherited) @executable_path/Frameworks @loader_path/Frameworks";
				PRODUCT_BUNDLE_IDENTIFIER = "com.nbibikov.ReSwift-ExampleTests";
				PRODUCT_NAME = "$(TARGET_NAME)";
				SWIFT_VERSION = 4.0;
				TARGETED_DEVICE_FAMILY = "1,2";
				TEST_HOST = "$(BUILT_PRODUCTS_DIR)/ReSwift_Example.app/ReSwift_Example";
			};
			name = Debug;
		};
		3251EBB2202508BF00B3CEB0 /* Release */ = {
			isa = XCBuildConfiguration;
			buildSettings = {
				ALWAYS_EMBED_SWIFT_STANDARD_LIBRARIES = YES;
				BUNDLE_LOADER = "$(TEST_HOST)";
				CODE_SIGN_STYLE = Automatic;
				DEVELOPMENT_TEAM = 7E7M24D56N;
				INFOPLIST_FILE = ReSwift_ExampleTests/Info.plist;
				LD_RUNPATH_SEARCH_PATHS = "$(inherited) @executable_path/Frameworks @loader_path/Frameworks";
				PRODUCT_BUNDLE_IDENTIFIER = "com.nbibikov.ReSwift-ExampleTests";
				PRODUCT_NAME = "$(TARGET_NAME)";
				SWIFT_VERSION = 4.0;
				TARGETED_DEVICE_FAMILY = "1,2";
				TEST_HOST = "$(BUILT_PRODUCTS_DIR)/ReSwift_Example.app/ReSwift_Example";
			};
			name = Release;
		};
		3251EBB4202508BF00B3CEB0 /* Debug */ = {
			isa = XCBuildConfiguration;
			buildSettings = {
				ALWAYS_EMBED_SWIFT_STANDARD_LIBRARIES = YES;
				CODE_SIGN_STYLE = Automatic;
				DEVELOPMENT_TEAM = 7E7M24D56N;
				INFOPLIST_FILE = ReSwift_ExampleUITests/Info.plist;
				LD_RUNPATH_SEARCH_PATHS = "$(inherited) @executable_path/Frameworks @loader_path/Frameworks";
				PRODUCT_BUNDLE_IDENTIFIER = "com.nbibikov.ReSwift-ExampleUITests";
				PRODUCT_NAME = "$(TARGET_NAME)";
				SWIFT_VERSION = 4.0;
				TARGETED_DEVICE_FAMILY = "1,2";
				TEST_TARGET_NAME = ReSwift_Example;
			};
			name = Debug;
		};
		3251EBB5202508BF00B3CEB0 /* Release */ = {
			isa = XCBuildConfiguration;
			buildSettings = {
				ALWAYS_EMBED_SWIFT_STANDARD_LIBRARIES = YES;
				CODE_SIGN_STYLE = Automatic;
				DEVELOPMENT_TEAM = 7E7M24D56N;
				INFOPLIST_FILE = ReSwift_ExampleUITests/Info.plist;
				LD_RUNPATH_SEARCH_PATHS = "$(inherited) @executable_path/Frameworks @loader_path/Frameworks";
				PRODUCT_BUNDLE_IDENTIFIER = "com.nbibikov.ReSwift-ExampleUITests";
				PRODUCT_NAME = "$(TARGET_NAME)";
				SWIFT_VERSION = 4.0;
				TARGETED_DEVICE_FAMILY = "1,2";
				TEST_TARGET_NAME = ReSwift_Example;
			};
			name = Release;
		};
/* End XCBuildConfiguration section */

/* Begin XCConfigurationList section */
		3251EB80202508BE00B3CEB0 /* Build configuration list for PBXProject "ReSwift_Example" */ = {
			isa = XCConfigurationList;
			buildConfigurations = (
				3251EBAB202508BF00B3CEB0 /* Debug */,
				3251EBAC202508BF00B3CEB0 /* Release */,
			);
			defaultConfigurationIsVisible = 0;
			defaultConfigurationName = Release;
		};
		3251EBAD202508BF00B3CEB0 /* Build configuration list for PBXNativeTarget "ReSwift_Example" */ = {
			isa = XCConfigurationList;
			buildConfigurations = (
				3251EBAE202508BF00B3CEB0 /* Debug */,
				3251EBAF202508BF00B3CEB0 /* Release */,
			);
			defaultConfigurationIsVisible = 0;
			defaultConfigurationName = Release;
		};
		3251EBB0202508BF00B3CEB0 /* Build configuration list for PBXNativeTarget "ReSwift_ExampleTests" */ = {
			isa = XCConfigurationList;
			buildConfigurations = (
				3251EBB1202508BF00B3CEB0 /* Debug */,
				3251EBB2202508BF00B3CEB0 /* Release */,
			);
			defaultConfigurationIsVisible = 0;
			defaultConfigurationName = Release;
		};
		3251EBB3202508BF00B3CEB0 /* Build configuration list for PBXNativeTarget "ReSwift_ExampleUITests" */ = {
			isa = XCConfigurationList;
			buildConfigurations = (
				3251EBB4202508BF00B3CEB0 /* Debug */,
				3251EBB5202508BF00B3CEB0 /* Release */,
			);
			defaultConfigurationIsVisible = 0;
			defaultConfigurationName = Release;
		};
/* End XCConfigurationList section */
	};
	rootObject = 3251EB7D202508BE00B3CEB0 /* Project object */;
}
